// !$*UTF8*$!
{
	archiveVersion = 1;
	classes = {
	};
	objectVersion = 54;
	objects = {

/* Begin PBXBuildFile section */
		06DD08068050D29187AD7A69 /* Ingredient.swift in Sources */ = {isa = PBXBuildFile; fileRef = F4336391CF440B4A9DBE0C55 /* Ingredient.swift */; };
		179D30A97D62C7D1A77A7BEF /* ProfileView.swift in Sources */ = {isa = PBXBuildFile; fileRef = ED35ECE363BA0DB697E349F2 /* ProfileView.swift */; };
		3EB6196658A52B0E96F31408 /* MealMatchApp.swift in Sources */ = {isa = PBXBuildFile; fileRef = 33B47A647647F1316D0F5FA2 /* MealMatchApp.swift */; };
		495386875E13AE8B0B18DD21 /* ShoppingListView.swift in Sources */ = {isa = PBXBuildFile; fileRef = 78CBA4502EDF4403CC79DB03 /* ShoppingListView.swift */; };
		637153FAC88C7B10FFB412EE /* Meal.swift in Sources */ = {isa = PBXBuildFile; fileRef = BA37132A243436F844EC936C /* Meal.swift */; };
		64C46005D864AF4741F32FBF /* Recipe.swift in Sources */ = {isa = PBXBuildFile; fileRef = E8A6798DD579B36F2F266820 /* Recipe.swift */; };
		68053B731BF225930BEAA1A6 /* Theme.swift in Sources */ = {isa = PBXBuildFile; fileRef = BF7C5B39047FEC995547D5CD /* Theme.swift */; };
		8E5363D6AAE720EFE3B6045C /* MealPlanView.swift in Sources */ = {isa = PBXBuildFile; fileRef = DC795E65F27766877DE4D1F7 /* MealPlanView.swift */; };
		8F10622593AC1125CF7A3B90 /* ShoppingItem.swift in Sources */ = {isa = PBXBuildFile; fileRef = 693ADB459C555CF7626AAB03 /* ShoppingItem.swift */; };
		9B0E6C9D5861A845BA3926A7 /* RecipeDetailView.swift in Sources */ = {isa = PBXBuildFile; fileRef = 9C524E156D8E303B6FDF9F47 /* RecipeDetailView.swift */; };
		A345B01707B2679633A279B7 /* ContentView.swift in Sources */ = {isa = PBXBuildFile; fileRef = 906E4F509861FBFA3C8859A4 /* ContentView.swift */; };
		C2C71EB126B178A96371A7FE /* RecipesView.swift in Sources */ = {isa = PBXBuildFile; fileRef = 68FB97CED21BD9450B781A59 /* RecipesView.swift */; };
/* End PBXBuildFile section */

/* Begin PBXFileReference section */
		33B47A647647F1316D0F5FA2 /* MealMatchApp.swift */ = {isa = PBXFileReference; lastKnownFileType = sourcecode.swift; path = MealMatchApp.swift; sourceTree = "<group>"; };
		68FB97CED21BD9450B781A59 /* RecipesView.swift */ = {isa = PBXFileReference; lastKnownFileType = sourcecode.swift; path = RecipesView.swift; sourceTree = "<group>"; };
		693ADB459C555CF7626AAB03 /* ShoppingItem.swift */ = {isa = PBXFileReference; lastKnownFileType = sourcecode.swift; path = ShoppingItem.swift; sourceTree = "<group>"; };
		78CBA4502EDF4403CC79DB03 /* ShoppingListView.swift */ = {isa = PBXFileReference; lastKnownFileType = sourcecode.swift; path = ShoppingListView.swift; sourceTree = "<group>"; };
		7D47E17D6D612DDCC55BADAF /* Info.plist */ = {isa = PBXFileReference; lastKnownFileType = text.plist; path = Info.plist; sourceTree = "<group>"; };
		906E4F509861FBFA3C8859A4 /* ContentView.swift */ = {isa = PBXFileReference; lastKnownFileType = sourcecode.swift; path = ContentView.swift; sourceTree = "<group>"; };
		9C524E156D8E303B6FDF9F47 /* RecipeDetailView.swift */ = {isa = PBXFileReference; lastKnownFileType = sourcecode.swift; path = RecipeDetailView.swift; sourceTree = "<group>"; };
		BA37132A243436F844EC936C /* Meal.swift */ = {isa = PBXFileReference; lastKnownFileType = sourcecode.swift; path = Meal.swift; sourceTree = "<group>"; };
		BF7C5B39047FEC995547D5CD /* Theme.swift */ = {isa = PBXFileReference; lastKnownFileType = sourcecode.swift; path = Theme.swift; sourceTree = "<group>"; };
		DC795E65F27766877DE4D1F7 /* MealPlanView.swift */ = {isa = PBXFileReference; lastKnownFileType = sourcecode.swift; path = MealPlanView.swift; sourceTree = "<group>"; };
		E8A6798DD579B36F2F266820 /* Recipe.swift */ = {isa = PBXFileReference; lastKnownFileType = sourcecode.swift; path = Recipe.swift; sourceTree = "<group>"; };
		ED35ECE363BA0DB697E349F2 /* ProfileView.swift */ = {isa = PBXFileReference; lastKnownFileType = sourcecode.swift; path = ProfileView.swift; sourceTree = "<group>"; };
		F4336391CF440B4A9DBE0C55 /* Ingredient.swift */ = {isa = PBXFileReference; lastKnownFileType = sourcecode.swift; path = Ingredient.swift; sourceTree = "<group>"; };
		F9F508852F1E109B3C709466 /* MealMatch.app */ = {isa = PBXFileReference; includeInIndex = 0; lastKnownFileType = wrapper.application; path = MealMatch.app; sourceTree = BUILT_PRODUCTS_DIR; };
/* End PBXFileReference section */

/* Begin PBXGroup section */
		0ECA629DB33D8A989A907EBC = {
			isa = PBXGroup;
			children = (
				73E4E05E31A939D67B86E787 /* MealMatch */,
				C821D8C2BEAAAF8540E87CFD /* Products */,
			);
			sourceTree = "<group>";
		};
		73E4E05E31A939D67B86E787 /* MealMatch */ = {
			isa = PBXGroup;
			children = (
				7D47E17D6D612DDCC55BADAF /* Info.plist */,
				33B47A647647F1316D0F5FA2 /* MealMatchApp.swift */,
				BF7C5B39047FEC995547D5CD /* Theme.swift */,
				E025D88345E494A6CFD8E938 /* Models */,
				BB175C3C4DDEE1708AD8DD54 /* Views */,
			);
			path = MealMatch;
			sourceTree = "<group>";
		};
		BB175C3C4DDEE1708AD8DD54 /* Views */ = {
			isa = PBXGroup;
			children = (
				906E4F509861FBFA3C8859A4 /* ContentView.swift */,
				DC795E65F27766877DE4D1F7 /* MealPlanView.swift */,
				ED35ECE363BA0DB697E349F2 /* ProfileView.swift */,
				9C524E156D8E303B6FDF9F47 /* RecipeDetailView.swift */,
				68FB97CED21BD9450B781A59 /* RecipesView.swift */,
				78CBA4502EDF4403CC79DB03 /* ShoppingListView.swift */,
			);
			path = Views;
			sourceTree = "<group>";
		};
		C821D8C2BEAAAF8540E87CFD /* Products */ = {
			isa = PBXGroup;
			children = (
				F9F508852F1E109B3C709466 /* MealMatch.app */,
			);
			name = Products;
			sourceTree = "<group>";
		};
		E025D88345E494A6CFD8E938 /* Models */ = {
			isa = PBXGroup;
			children = (
				F4336391CF440B4A9DBE0C55 /* Ingredient.swift */,
				BA37132A243436F844EC936C /* Meal.swift */,
				E8A6798DD579B36F2F266820 /* Recipe.swift */,
				693ADB459C555CF7626AAB03 /* ShoppingItem.swift */,
			);
			path = Models;
			sourceTree = "<group>";
		};
/* End PBXGroup section */

/* Begin PBXNativeTarget section */
		D12737472366A658082AFD8A /* MealMatch */ = {
			isa = PBXNativeTarget;
			buildConfigurationList = 9796BF6383B08B96CBB698FF /* Build configuration list for PBXNativeTarget "MealMatch" */;
			buildPhases = (
				138D63F3BB6CD92B754D97EB /* Sources */,
			);
			buildRules = (
			);
			dependencies = (
			);
			name = MealMatch;
			productName = MealMatch;
			productReference = F9F508852F1E109B3C709466 /* MealMatch.app */;
			productType = "com.apple.product-type.application";
		};
/* End PBXNativeTarget section */

/* Begin PBXProject section */
		BB2F4A1C05FE002ED4F85F13 /* Project object */ = {
			isa = PBXProject;
			attributes = {
				BuildIndependentTargetsInParallel = YES;
				LastUpgradeCheck = 1430;
				TargetAttributes = {
					D12737472366A658082AFD8A = {
						DevelopmentTeam = "";
					};
				};
			};
			buildConfigurationList = 01BFE3B8056A55067E9A8C44 /* Build configuration list for PBXProject "MealMatch" */;
			compatibilityVersion = "Xcode 14.0";
			developmentRegion = en;
			hasScannedForEncodings = 0;
			knownRegions = (
				Base,
				en,
			);
			mainGroup = 0ECA629DB33D8A989A907EBC;
			projectDirPath = "";
			projectRoot = "";
			targets = (
				D12737472366A658082AFD8A /* MealMatch */,
			);
		};
/* End PBXProject section */

/* Begin PBXSourcesBuildPhase section */
		138D63F3BB6CD92B754D97EB /* Sources */ = {
			isa = PBXSourcesBuildPhase;
			buildActionMask = 2147483647;
			files = (
				A345B01707B2679633A279B7 /* ContentView.swift in Sources */,
				06DD08068050D29187AD7A69 /* Ingredient.swift in Sources */,
				637153FAC88C7B10FFB412EE /* Meal.swift in Sources */,
				3EB6196658A52B0E96F31408 /* MealMatchApp.swift in Sources */,
				8E5363D6AAE720EFE3B6045C /* MealPlanView.swift in Sources */,
				179D30A97D62C7D1A77A7BEF /* ProfileView.swift in Sources */,
				64C46005D864AF4741F32FBF /* Recipe.swift in Sources */,
				9B0E6C9D5861A845BA3926A7 /* RecipeDetailView.swift in Sources */,
				C2C71EB126B178A96371A7FE /* RecipesView.swift in Sources */,
				8F10622593AC1125CF7A3B90 /* ShoppingItem.swift in Sources */,
				495386875E13AE8B0B18DD21 /* ShoppingListView.swift in Sources */,
				68053B731BF225930BEAA1A6 /* Theme.swift in Sources */,
			);
			runOnlyForDeploymentPostprocessing = 0;
		};
/* End PBXSourcesBuildPhase section */

/* Begin XCBuildConfiguration section */
		3C6019DE6B57F80C564C1DB5 /* Debug */ = {
			isa = XCBuildConfiguration;
			buildSettings = {
				ASSETCATALOG_COMPILER_APPICON_NAME = AppIcon;
				CODE_SIGNING_REQUIRED = NO;
				CODE_SIGN_IDENTITY = "";
				CURRENT_PROJECT_VERSION = 1;
				DEVELOPMENT_TEAM = "";
				INFOPLIST_FILE = MealMatch/Info.plist;
				LD_RUNPATH_SEARCH_PATHS = (
					"$(inherited)",
					"@executable_path/Frameworks",
				);
				MARKETING_VERSION = 1.0.0;
				PRODUCT_BUNDLE_IDENTIFIER = com.laytoncorp.mealmatch;
				SDKROOT = iphoneos;
				SWIFT_VERSION = 5.9;
				TARGETED_DEVICE_FAMILY = "1,2";
			};
			name = Debug;
		};
		409CD9F9EE5AB9A0C1649127 /* Release */ = {
			isa = XCBuildConfiguration;
			buildSettings = {
				ALWAYS_SEARCH_USER_PATHS = NO;
				CLANG_ANALYZER_NONNULL = YES;
				CLANG_ANALYZER_NUMBER_OBJECT_CONVERSION = YES_AGGRESSIVE;
				CLANG_CXX_LANGUAGE_STANDARD = "gnu++14";
				CLANG_CXX_LIBRARY = "libc++";
				CLANG_ENABLE_MODULES = YES;
				CLANG_ENABLE_OBJC_ARC = YES;
				CLANG_ENABLE_OBJC_WEAK = YES;
				CLANG_WARN_BLOCK_CAPTURE_AUTORELEASING = YES;
				CLANG_WARN_BOOL_CONVERSION = YES;
				CLANG_WARN_COMMA = YES;
				CLANG_WARN_CONSTANT_CONVERSION = YES;
				CLANG_WARN_DEPRECATED_OBJC_IMPLEMENTATIONS = YES;
				CLANG_WARN_DIRECT_OBJC_ISA_USAGE = YES_ERROR;
				CLANG_WARN_DOCUMENTATION_COMMENTS = YES;
				CLANG_WARN_EMPTY_BODY = YES;
				CLANG_WARN_ENUM_CONVERSION = YES;
				CLANG_WARN_INFINITE_RECURSION = YES;
				CLANG_WARN_INT_CONVERSION = YES;
				CLANG_WARN_NON_LITERAL_NULL_CONVERSION = YES;
				CLANG_WARN_OBJC_IMPLICIT_RETAIN_SELF = YES;
				CLANG_WARN_OBJC_LITERAL_CONVERSION = YES;
				CLANG_WARN_OBJC_ROOT_CLASS = YES_ERROR;
				CLANG_WARN_QUOTED_INCLUDE_IN_FRAMEWORK_HEADER = YES;
				CLANG_WARN_RANGE_LOOP_ANALYSIS = YES;
				CLANG_WARN_STRICT_PROTOTYPES = YES;
				CLANG_WARN_SUSPICIOUS_MOVE = YES;
				CLANG_WARN_UNGUARDED_AVAILABILITY = YES_AGGRESSIVE;
				CLANG_WARN_UNREACHABLE_CODE = YES;
				CLANG_WARN__DUPLICATE_METHOD_MATCH = YES;
				COPY_PHASE_STRIP = NO;
				DEBUG_INFORMATION_FORMAT = "dwarf-with-dsym";
				ENABLE_NS_ASSERTIONS = NO;
				ENABLE_STRICT_OBJC_MSGSEND = YES;
				GCC_C_LANGUAGE_STANDARD = gnu11;
				GCC_NO_COMMON_BLOCKS = YES;
				GCC_WARN_64_TO_32_BIT_CONVERSION = YES;
				GCC_WARN_ABOUT_RETURN_TYPE = YES_ERROR;
				GCC_WARN_UNDECLARED_SELECTOR = YES;
				GCC_WARN_UNINITIALIZED_AUTOS = YES_AGGRESSIVE;
				GCC_WARN_UNUSED_FUNCTION = YES;
				GCC_WARN_UNUSED_VARIABLE = YES;
				MTL_ENABLE_DEBUG_INFO = NO;
				MTL_FAST_MATH = YES;
				PRODUCT_NAME = "$(TARGET_NAME)";
				SDKROOT = iphoneos;
				SWIFT_COMPILATION_MODE = wholemodule;
				SWIFT_OPTIMIZATION_LEVEL = "-O";
				SWIFT_VERSION = 5.0;
			};
			name = Release;
		};
		60D16C17CEF8C45582147385 /* Release */ = {
			isa = XCBuildConfiguration;
			buildSettings = {
				ASSETCATALOG_COMPILER_APPICON_NAME = AppIcon;
				CODE_SIGNING_REQUIRED = NO;
				CODE_SIGN_IDENTITY = "";
				CURRENT_PROJECT_VERSION = 1;
				DEVELOPMENT_TEAM = "";
				INFOPLIST_FILE = MealMatch/Info.plist;
				LD_RUNPATH_SEARCH_PATHS = (
					"$(inherited)",
					"@executable_path/Frameworks",
				);
				MARKETING_VERSION = 1.0.0;
				PRODUCT_BUNDLE_IDENTIFIER = com.laytoncorp.mealmatch;
				SDKROOT = iphoneos;
				SWIFT_VERSION = 5.9;
				TARGETED_DEVICE_FAMILY = "1,2";
			};
			name = Release;
		};
		642DDE60EA541E3CFB8274C0 /* Debug */ = {
			isa = XCBuildConfiguration;
			buildSettings = {
				ALWAYS_SEARCH_USER_PATHS = NO;
				CLANG_ANALYZER_NONNULL = YES;
				CLANG_ANALYZER_NUMBER_OBJECT_CONVERSION = YES_AGGRESSIVE;
				CLANG_CXX_LANGUAGE_STANDARD = "gnu++14";
				CLANG_CXX_LIBRARY = "libc++";
				CLANG_ENABLE_MODULES = YES;
				CLANG_ENABLE_OBJC_ARC = YES;
				CLANG_ENABLE_OBJC_WEAK = YES;
				CLANG_WARN_BLOCK_CAPTURE_AUTORELEASING = YES;
				CLANG_WARN_BOOL_CONVERSION = YES;
				CLANG_WARN_COMMA = YES;
				CLANG_WARN_CONSTANT_CONVERSION = YES;
				CLANG_WARN_DEPRECATED_OBJC_IMPLEMENTATIONS = YES;
				CLANG_WARN_DIRECT_OBJC_ISA_USAGE = YES_ERROR;
				CLANG_WARN_DOCUMENTATION_COMMENTS = YES;
				CLANG_WARN_EMPTY_BODY = YES;
				CLANG_WARN_ENUM_CONVERSION = YES;
				CLANG_WARN_INFINITE_RECURSION = YES;
				CLANG_WARN_INT_CONVERSION = YES;
				CLANG_WARN_NON_LITERAL_NULL_CONVERSION = YES;
				CLANG_WARN_OBJC_IMPLICIT_RETAIN_SELF = YES;
				CLANG_WARN_OBJC_LITERAL_CONVERSION = YES;
				CLANG_WARN_OBJC_ROOT_CLASS = YES_ERROR;
				CLANG_WARN_QUOTED_INCLUDE_IN_FRAMEWORK_HEADER = YES;
				CLANG_WARN_RANGE_LOOP_ANALYSIS = YES;
				CLANG_WARN_STRICT_PROTOTYPES = YES;
				CLANG_WARN_SUSPICIOUS_MOVE = YES;
				CLANG_WARN_UNGUARDED_AVAILABILITY = YES_AGGRESSIVE;
				CLANG_WARN_UNREACHABLE_CODE = YES;
				CLANG_WARN__DUPLICATE_METHOD_MATCH = YES;
				COPY_PHASE_STRIP = NO;
				DEBUG_INFORMATION_FORMAT = dwarf;
				ENABLE_STRICT_OBJC_MSGSEND = YES;
				ENABLE_TESTABILITY = YES;
				GCC_C_LANGUAGE_STANDARD = gnu11;
				GCC_DYNAMIC_NO_PIC = NO;
				GCC_NO_COMMON_BLOCKS = YES;
				GCC_OPTIMIZATION_LEVEL = 0;
				GCC_PREPROCESSOR_DEFINITIONS = (
					"$(inherited)",
					"DEBUG=1",
				);
				GCC_WARN_64_TO_32_BIT_CONVERSION = YES;
				GCC_WARN_ABOUT_RETURN_TYPE = YES_ERROR;
				GCC_WARN_UNDECLARED_SELECTOR = YES;
				GCC_WARN_UNINITIALIZED_AUTOS = YES_AGGRESSIVE;
				GCC_WARN_UNUSED_FUNCTION = YES;
				GCC_WARN_UNUSED_VARIABLE = YES;
				MTL_ENABLE_DEBUG_INFO = INCLUDE_SOURCE;
				MTL_FAST_MATH = YES;
				ONLY_ACTIVE_ARCH = YES;
				PRODUCT_NAME = "$(TARGET_NAME)";
				SDKROOT = iphoneos;
				SWIFT_ACTIVE_COMPILATION_CONDITIONS = DEBUG;
				SWIFT_OPTIMIZATION_LEVEL = "-Onone";
				SWIFT_VERSION = 5.0;
			};
			name = Debug;
		};
/* End XCBuildConfiguration section */

/* Begin XCConfigurationList section */
		01BFE3B8056A55067E9A8C44 /* Build configuration list for PBXProject "MealMatch" */ = {
			isa = XCConfigurationList;
			buildConfigurations = (
				642DDE60EA541E3CFB8274C0 /* Debug */,
				409CD9F9EE5AB9A0C1649127 /* Release */,
			);
			defaultConfigurationIsVisible = 0;
			defaultConfigurationName = Debug;
		};
		9796BF6383B08B96CBB698FF /* Build configuration list for PBXNativeTarget "MealMatch" */ = {
			isa = XCConfigurationList;
			buildConfigurations = (
				3C6019DE6B57F80C564C1DB5 /* Debug */,
				60D16C17CEF8C45582147385 /* Release */,
			);
			defaultConfigurationIsVisible = 0;
			defaultConfigurationName = Debug;
		};
/* End XCConfigurationList section */
	};
	rootObject = BB2F4A1C05FE002ED4F85F13 /* Project object */;
}
